
Microsoft Visual Studio Solution File, Format Version 12.00
# Visual Studio 15
VisualStudioVersion = 15.0.27130.2027
MinimumVisualStudioVersion = 10.0.40219.1
Project("{FAE04EC0-301F-11D3-BF4B-00C04F79EFBC}") = "QdtJXCConnector", "QdtJXCConnector\QdtJXCConnector.csproj", "{9E59F259-0CD9-4569-B69A-7F807EA33C0C}"
EndProject
Project("{54435603-DBB4-11D2-8724-00A0C9A8B90C}") = "QdtJXCConnectorSetup", "QdtJXCConnectorSetup\QdtJXCConnectorSetup.vdproj", "{392260C9-C2A4-46C9-B5E5-AF60ACC607F7}"
EndProject
Project("{2150E333-8FDC-42A3-9474-1A3956D46DE8}") = "Models", "Models", "{C982EF9C-2447-4850-94CB-26AACA5E85B3}"
EndProject
Project("{2150E333-8FDC-42A3-9474-1A3956D46DE8}") = "Hostings", "Hostings", "{DF21297E-0F1B-44BD-B9EA-F4738C45B0E1}"
EndProject
Project("{2150E333-8FDC-42A3-9474-1A3956D46DE8}") = "WebApi", "WebApi", "{76BAD0E1-CC14-485B-8C39-86AB3196BE5A}"
EndProject
Project("{FAE04EC0-301F-11D3-BF4B-00C04F79EFBC}") = "WindowsServiceHost", "WindowsServiceHost\WindowsServiceHost\WindowsServiceHost.csproj", "{F6EB188C-274D-4F44-8F12-494A2EEFEFAA}"
EndProject
Project("{FAE04EC0-301F-11D3-BF4B-00C04F79EFBC}") = "WebApiController", "WebApiController\WebApiController.csproj", "{1F1AA553-7D09-47D8-B03C-373061D220AB}"
EndProject
Project("{2150E333-8FDC-42A3-9474-1A3956D46DE8}") = "DAL", "DAL", "{FA365A7A-53D9-4698-88D9-BE294CD0827D}"
EndProject
Project("{FAE04EC0-301F-11D3-BF4B-00C04F79EFBC}") = "DAL", "DAL\DAL.csproj", "{30A79A2A-826A-4AB2-8F8F-0018FDEB7A28}"
EndProject
Project("{2150E333-8FDC-42A3-9474-1A3956D46DE8}") = "Common", "Common", "{89269DE4-AB98-45A6-90E6-9A7859616D91}"
EndProject
Project("{FAE04EC0-301F-11D3-BF4B-00C04F79EFBC}") = "Utility", "Utility\Utility.csproj", "{6848E6D9-CA35-4182-A850-D02B81B1E02C}"
EndProject
Project("{FAE04EC0-301F-11D3-BF4B-00C04F79EFBC}") = "Models", "HHModels\Models.csproj", "{8EBAB820-BC93-4004-A035-AC090FDE286F}"
EndProject
Project("{FAE04EC0-301F-11D3-BF4B-00C04F79EFBC}") = "Filter", "Filter\Filter.csproj", "{C7324C7E-E9EF-4A2E-88F4-859BDD9EF510}"
EndProject
Project("{FAE04EC0-301F-11D3-BF4B-00C04F79EFBC}") = "ConsoleHost", "ConsoleHost\ConsoleHost.csproj", "{CC5C0BC7-32C8-409A-9857-97AF06655017}"
EndProject
Global
	GlobalSection(SolutionConfigurationPlatforms) = preSolution
		Debug|Any CPU = Debug|Any CPU
		Debug|x86 = Debug|x86
		Release|Any CPU = Release|Any CPU
		Release|x86 = Release|x86
	EndGlobalSection
	GlobalSection(ProjectConfigurationPlatforms) = postSolution
		{9E59F259-0CD9-4569-B69A-7F807EA33C0C}.Debug|Any CPU.ActiveCfg = Debug|Any CPU
		{9E59F259-0CD9-4569-B69A-7F807EA33C0C}.Debug|Any CPU.Build.0 = Debug|Any CPU
		{9E59F259-0CD9-4569-B69A-7F807EA33C0C}.Debug|x86.ActiveCfg = Debug|Any CPU
		{9E59F259-0CD9-4569-B69A-7F807EA33C0C}.Debug|x86.Build.0 = Debug|Any CPU
		{9E59F259-0CD9-4569-B69A-7F807EA33C0C}.Release|Any CPU.ActiveCfg = Release|Any CPU
		{9E59F259-0CD9-4569-B69A-7F807EA33C0C}.Release|Any CPU.Build.0 = Release|Any CPU
		{9E59F259-0CD9-4569-B69A-7F807EA33C0C}.Release|x86.ActiveCfg = Release|Any CPU
		{9E59F259-0CD9-4569-B69A-7F807EA33C0C}.Release|x86.Build.0 = Release|Any CPU
		{392260C9-C2A4-46C9-B5E5-AF60ACC607F7}.Debug|Any CPU.ActiveCfg = Debug
		{392260C9-C2A4-46C9-B5E5-AF60ACC607F7}.Debug|x86.ActiveCfg = Debug
		{392260C9-C2A4-46C9-B5E5-AF60ACC607F7}.Release|Any CPU.ActiveCfg = Release
		{392260C9-C2A4-46C9-B5E5-AF60ACC607F7}.Release|x86.ActiveCfg = Release
		{F6EB188C-274D-4F44-8F12-494A2EEFEFAA}.Debug|Any CPU.ActiveCfg = Debug|Any CPU
		{F6EB188C-274D-4F44-8F12-494A2EEFEFAA}.Debug|Any CPU.Build.0 = Debug|Any CPU
		{F6EB188C-274D-4F44-8F12-494A2EEFEFAA}.Debug|x86.ActiveCfg = Debug|Any CPU
		{F6EB188C-274D-4F44-8F12-494A2EEFEFAA}.Debug|x86.Build.0 = Debug|Any CPU
		{F6EB188C-274D-4F44-8F12-494A2EEFEFAA}.Release|Any CPU.ActiveCfg = Release|Any CPU
		{F6EB188C-274D-4F44-8F12-494A2EEFEFAA}.Release|Any CPU.Build.0 = Release|Any CPU
		{F6EB188C-274D-4F44-8F12-494A2EEFEFAA}.Release|x86.ActiveCfg = Release|Any CPU
		{F6EB188C-274D-4F44-8F12-494A2EEFEFAA}.Release|x86.Build.0 = Release|Any CPU
		{1F1AA553-7D09-47D8-B03C-373061D220AB}.Debug|Any CPU.ActiveCfg = Debug|Any CPU
		{1F1AA553-7D09-47D8-B03C-373061D220AB}.Debug|Any CPU.Build.0 = Debug|Any CPU
		{1F1AA553-7D09-47D8-B03C-373061D220AB}.Debug|x86.ActiveCfg = Debug|Any CPU
		{1F1AA553-7D09-47D8-B03C-373061D220AB}.Debug|x86.Build.0 = Debug|Any CPU
		{1F1AA553-7D09-47D8-B03C-373061D220AB}.Release|Any CPU.ActiveCfg = Release|Any CPU
		{1F1AA553-7D09-47D8-B03C-373061D220AB}.Release|Any CPU.Build.0 = Release|Any CPU
		{1F1AA553-7D09-47D8-B03C-373061D220AB}.Release|x86.ActiveCfg = Release|Any CPU
		{1F1AA553-7D09-47D8-B03C-373061D220AB}.Release|x86.Build.0 = Release|Any CPU
		{30A79A2A-826A-4AB2-8F8F-0018FDEB7A28}.Debug|Any CPU.ActiveCfg = Debug|Any CPU
		{30A79A2A-826A-4AB2-8F8F-0018FDEB7A28}.Debug|Any CPU.Build.0 = Debug|Any CPU
		{30A79A2A-826A-4AB2-8F8F-0018FDEB7A28}.Debug|x86.ActiveCfg = Debug|Any CPU
		{30A79A2A-826A-4AB2-8F8F-0018FDEB7A28}.Debug|x86.Build.0 = Debug|Any CPU
		{30A79A2A-826A-4AB2-8F8F-0018FDEB7A28}.Release|Any CPU.ActiveCfg = Release|Any CPU
		{30A79A2A-826A-4AB2-8F8F-0018FDEB7A28}.Release|Any CPU.Build.0 = Release|Any CPU
		{30A79A2A-826A-4AB2-8F8F-0018FDEB7A28}.Release|x86.ActiveCfg = Release|Any CPU
		{30A79A2A-826A-4AB2-8F8F-0018FDEB7A28}.Release|x86.Build.0 = Release|Any CPU
		{6848E6D9-CA35-4182-A850-D02B81B1E02C}.Debug|Any CPU.ActiveCfg = Debug|Any CPU
		{6848E6D9-CA35-4182-A850-D02B81B1E02C}.Debug|Any CPU.Build.0 = Debug|Any CPU
		{6848E6D9-CA35-4182-A850-D02B81B1E02C}.Debug|x86.ActiveCfg = Debug|Any CPU
		{6848E6D9-CA35-4182-A850-D02B81B1E02C}.Debug|x86.Build.0 = Debug|Any CPU
		{6848E6D9-CA35-4182-A850-D02B81B1E02C}.Release|Any CPU.ActiveCfg = Release|Any CPU
		{6848E6D9-CA35-4182-A850-D02B81B1E02C}.Release|Any CPU.Build.0 = Release|Any CPU
		{6848E6D9-CA35-4182-A850-D02B81B1E02C}.Release|x86.ActiveCfg = Release|Any CPU
		{6848E6D9-CA35-4182-A850-D02B81B1E02C}.Release|x86.Build.0 = Release|Any CPU
		{8EBAB820-BC93-4004-A035-AC090FDE286F}.Debug|Any CPU.ActiveCfg = Debug|Any CPU
		{8EBAB820-BC93-4004-A035-AC090FDE286F}.Debug|Any CPU.Build.0 = Debug|Any CPU
		{8EBAB820-BC93-4004-A035-AC090FDE286F}.Debug|x86.ActiveCfg = Debug|Any CPU
		{8EBAB820-BC93-4004-A035-AC090FDE286F}.Debug|x86.Build.0 = Debug|Any CPU
		{8EBAB820-BC93-4004-A035-AC090FDE286F}.Release|Any CPU.ActiveCfg = Release|Any CPU
		{8EBAB820-BC93-4004-A035-AC090FDE286F}.Release|Any CPU.Build.0 = Release|Any CPU
		{8EBAB820-BC93-4004-A035-AC090FDE286F}.Release|x86.ActiveCfg = Release|Any CPU
		{8EBAB820-BC93-4004-A035-AC090FDE286F}.Release|x86.Build.0 = Release|Any CPU
		{C7324C7E-E9EF-4A2E-88F4-859BDD9EF510}.Debug|Any CPU.ActiveCfg = Debug|Any CPU
		{C7324C7E-E9EF-4A2E-88F4-859BDD9EF510}.Debug|Any CPU.Build.0 = Debug|Any CPU
		{C7324C7E-E9EF-4A2E-88F4-859BDD9EF510}.Debug|x86.ActiveCfg = Debug|Any CPU
		{C7324C7E-E9EF-4A2E-88F4-859BDD9EF510}.Debug|x86.Build.0 = Debug|Any CPU
		{C7324C7E-E9EF-4A2E-88F4-859BDD9EF510}.Release|Any CPU.ActiveCfg = Release|Any CPU
		{C7324C7E-E9EF-4A2E-88F4-859BDD9EF510}.Release|Any CPU.Build.0 = Release|Any CPU
		{C7324C7E-E9EF-4A2E-88F4-859BDD9EF510}.Release|x86.ActiveCfg = Release|Any CPU
		{C7324C7E-E9EF-4A2E-88F4-859BDD9EF510}.Release|x86.Build.0 = Release|Any CPU
		{CC5C0BC7-32C8-409A-9857-97AF06655017}.Debug|Any CPU.ActiveCfg = Debug|Any CPU
		{CC5C0BC7-32C8-409A-9857-97AF06655017}.Debug|Any CPU.Build.0 = Debug|Any CPU
		{CC5C0BC7-32C8-409A-9857-97AF06655017}.Debug|x86.ActiveCfg = Debug|Any CPU
		{CC5C0BC7-32C8-409A-9857-97AF06655017}.Debug|x86.Build.0 = Debug|Any CPU
		{CC5C0BC7-32C8-409A-9857-97AF06655017}.Release|Any CPU.ActiveCfg = Release|Any CPU
		{CC5C0BC7-32C8-409A-9857-97AF06655017}.Release|Any CPU.Build.0 = Release|Any CPU
		{CC5C0BC7-32C8-409A-9857-97AF06655017}.Release|x86.ActiveCfg = Release|Any CPU
		{CC5C0BC7-32C8-409A-9857-97AF06655017}.Release|x86.Build.0 = Release|Any CPU
	EndGlobalSection
	GlobalSection(SolutionProperties) = preSolution
		HideSolutionNode = FALSE
	EndGlobalSection
	GlobalSection(NestedProjects) = preSolution
		{F6EB188C-274D-4F44-8F12-494A2EEFEFAA} = {DF21297E-0F1B-44BD-B9EA-F4738C45B0E1}
		{1F1AA553-7D09-47D8-B03C-373061D220AB} = {76BAD0E1-CC14-485B-8C39-86AB3196BE5A}
		{30A79A2A-826A-4AB2-8F8F-0018FDEB7A28} = {FA365A7A-53D9-4698-88D9-BE294CD0827D}
		{6848E6D9-CA35-4182-A850-D02B81B1E02C} = {89269DE4-AB98-45A6-90E6-9A7859616D91}
		{8EBAB820-BC93-4004-A035-AC090FDE286F} = {C982EF9C-2447-4850-94CB-26AACA5E85B3}
		{C7324C7E-E9EF-4A2E-88F4-859BDD9EF510} = {89269DE4-AB98-45A6-90E6-9A7859616D91}
		{CC5C0BC7-32C8-409A-9857-97AF06655017} = {DF21297E-0F1B-44BD-B9EA-F4738C45B0E1}
	EndGlobalSection
	GlobalSection(ExtensibilityGlobals) = postSolution
		SolutionGuid = {41A15181-CCB1-4CCC-B10A-C161B3BBEF54}
	EndGlobalSection
EndGlobal
